%{
  "assert_eventually": {:hex, :assert_eventually, "1.0.0", "f1539f28ba3ffa99a712433c77723c7103986932aa341d05eee94c333a920d15", [:mix], [{:ex_doc, ">= 0.0.0", [hex: :ex_doc, repo: "hexpm", optional: true]}], "hexpm", "c658ac4103c8bd82d0cf72a2fdb77477ba3fbc6b15228c5c801003d239625c69"},
  "eventually": {:hex, :eventually, "1.1.0", "d07725b29008eaad708e1252be026530278913e7d8db39bd6b09de060b241f37", [:mix], [], "hexpm", "c66aadf8c7000aeb17b0cc3fe2b6833ae0942bb53d23b7ad7c3aab8a2286f873"},
  "global_flags": {:hex, :global_flags, "1.0.0", "ee6b864979a1fb38d1fbc67838565644baf632212bce864adca21042df036433", [:rebar3], [], "hexpm", "85d944cecd0f8f96b20ce70b5b16ebccedfcd25e744376b131e89ce61ba93176"},
  "libring": {:hex, :libring, "1.6.0", "d5dca4bcb1765f862ab59f175b403e356dec493f565670e0bacc4b35e109ce0d", [:mix], [], "hexpm", "5e91ece396af4bce99953d49ee0b02f698cd38326d93cd068361038167484319"},
  "local_cluster": {:hex, :local_cluster, "1.2.1", "8eab3b8a387680f0872eacfb1a8bd5a91cb1d4d61256eec6a655b07ac7030c73", [:mix], [{:global_flags, "~> 1.0", [hex: :global_flags, repo: "hexpm", optional: false]}], "hexpm", "aae80c9bc92c911cb0be085fdeea2a9f5b88f81b6bec2ff1fec244bb0acc232c"},
}
